
Microsoft Visual Studio Solution File, Format Version 12.00
# Visual Studio Version 16
VisualStudioVersion = 16.0.29215.179
MinimumVisualStudioVersion = 10.0.40219.1
Project("{9A19103F-16F7-4668-BE54-9A1E7A4F7556}") = "AutomataTesting.Engine", "AutomataTesting\AutomataTesting.Engine.csproj", "{062B3792-F762-4CFA-87F9-8A2D6D11BCC2}"
EndProject
Project("{FAE04EC0-301F-11D3-BF4B-00C04F79EFBC}") = "SampleHost", "SampleHost\SampleHost.csproj", "{9E59B51C-DCEC-4FD4-A237-C026AE2C80D2}"
EndProject
Project("{2150E333-8FDC-42A3-9474-1A3956D46DE8}") = "Solution Items", "Solution Items", "{C1EEFF5B-F684-4DE8-B79A-DC5832993EDD}"
	ProjectSection(SolutionItems) = preProject
		StyleCop.ruleset = StyleCop.ruleset
	EndProjectSection
EndProject
Project("{FAE04EC0-301F-11D3-BF4B-00C04F79EFBC}") = "UnitTestAutomata", "UnitTestAutomata\UnitTestAutomata.csproj", "{259D9A74-7EFC-468F-93DE-6C04E57F89B3}"
EndProject
Global
	GlobalSection(SolutionConfigurationPlatforms) = preSolution
		Debug|Any CPU = Debug|Any CPU
		Release|Any CPU = Release|Any CPU
	EndGlobalSection
	GlobalSection(ProjectConfigurationPlatforms) = postSolution
		{062B3792-F762-4CFA-87F9-8A2D6D11BCC2}.Debug|Any CPU.ActiveCfg = Debug|Any CPU
		{062B3792-F762-4CFA-87F9-8A2D6D11BCC2}.Debug|Any CPU.Build.0 = Debug|Any CPU
		{062B3792-F762-4CFA-87F9-8A2D6D11BCC2}.Release|Any CPU.ActiveCfg = Release|Any CPU
		{062B3792-F762-4CFA-87F9-8A2D6D11BCC2}.Release|Any CPU.Build.0 = Release|Any CPU
		{9E59B51C-DCEC-4FD4-A237-C026AE2C80D2}.Debug|Any CPU.ActiveCfg = Debug|Any CPU
		{9E59B51C-DCEC-4FD4-A237-C026AE2C80D2}.Debug|Any CPU.Build.0 = Debug|Any CPU
		{9E59B51C-DCEC-4FD4-A237-C026AE2C80D2}.Release|Any CPU.ActiveCfg = Release|Any CPU
		{9E59B51C-DCEC-4FD4-A237-C026AE2C80D2}.Release|Any CPU.Build.0 = Release|Any CPU
		{259D9A74-7EFC-468F-93DE-6C04E57F89B3}.Debug|Any CPU.ActiveCfg = Debug|Any CPU
		{259D9A74-7EFC-468F-93DE-6C04E57F89B3}.Debug|Any CPU.Build.0 = Debug|Any CPU
		{259D9A74-7EFC-468F-93DE-6C04E57F89B3}.Release|Any CPU.ActiveCfg = Release|Any CPU
		{259D9A74-7EFC-468F-93DE-6C04E57F89B3}.Release|Any CPU.Build.0 = Release|Any CPU
	EndGlobalSection
	GlobalSection(SolutionProperties) = preSolution
		HideSolutionNode = FALSE
	EndGlobalSection
	GlobalSection(ExtensibilityGlobals) = postSolution
		SolutionGuid = {09A37385-0FC4-48B0-AB8A-BADACEBE52B1}
	EndGlobalSection
EndGlobal
